dependencies:
- name: Ruuter
  repository: file://./charts/Ruuter
  version: 0.1.0
- name: Resql
  repository: file://./charts/Resql
  version: 0.1.0
- name: Databases
  repository: file://./charts/Databases
  version: 0.1.20
- name: Buerokratt-Chatbot
  repository: file://./charts/Buerokratt-Chatbot
  version: 0.1.0
- name: TIM
  repository: file://./charts/TIM
  version: 0.1.0
- name: Widget
  repository: file://./charts/Widget
  version: 0.1.0
digest: sha256:f3484d92a11dd391c1e02dbe59178ae7c23a672162ae7a4de806c3aa0eb8f044
generated: "2025-08-19T13:03:30.517427834Z"
