dependencies:
- name: Ruuter
  repository: file://./charts/Ruuter
  version: 0.1.0
- name: Resql
  repository: file://./charts/Resql
  version: 0.1.0
- name: Databases
  repository: file://./charts/Databases
  version: 0.1.20
- name: Buerokratt-Chatbot
  repository: file://./charts/Buerokratt-Chatbot
  version: 0.1.0
- name: TIM
  repository: file://./charts/TIM
  version: 0.1.0
- name: Widget
  repository: file://./charts/Widget
  version: 0.1.0
- name: Analytics-Module
  repository: file://./charts/Analytics-Module
  version: 0.1.0
- name: Authentication-Layer
  repository: file://./charts/Authentication-Layer
  version: 0.1.0
- name: Service-Module
  repository: file://./charts/Service-Module
  version: 0.1.0
- name: Training-Module
  repository: file://./charts/Training-Module
  version: 0.1.0
digest: sha256:409781f70f5397cffdc7e6b6a8b018540e00a079e8ee54647db1d7607e3b84c7
generated: "2025-10-01T09:47:25.456804386Z"
